{
  "name": "echo-frontend",
  "version": "0.0.0",
  "lockfileVersion": 3,
  "packages": {
    "": {
      "name": "echo-frontend",
      "version": "0.0.0",
      "dependencies": {
        "react": "^19.2.0"
      },
      "devDependencies": {
        "vite": "^8.1.5"
      }
    },
    "node_modules/react": {
      "version": "19.2.0",
      "resolved": "https://registry.npmjs.org/react/-/react-19.2.0.tgz"
    },
    "node_modules/vite": {
      "dev": true,
      "version": "8.1.5",
      "resolved": "https://registry.npmjs.org/vite/-/vite-8.1.5.tgz"
    }
  }
}
